
Microsoft Visual Studio Solution File, Format Version 12.00
# Visual Studio Version 17
VisualStudioVersion = 17.9.34622.214
MinimumVisualStudioVersion = 10.0.40219.1
Project("{9A19103F-16F7-4668-BE54-9A1E7A4F7556}") = "IS_Proekt", "IS_Proekt\IS_Proekt.csproj", "{92BB8941-B6AF-49EA-AD3E-19229E007785}"
EndProject
Project("{FAE04EC0-301F-11D3-BF4B-00C04F79EFBC}") = "Domain", "Domain\Domain.csproj", "{C40DA630-A85E-4484-B71E-863A76A7B45A}"
EndProject
Project("{FAE04EC0-301F-11D3-BF4B-00C04F79EFBC}") = "Repository", "Repository\Repository.csproj", "{04AD451B-E478-4581-B43A-C4F8F31F3214}"
EndProject
Project("{FAE04EC0-301F-11D3-BF4B-00C04F79EFBC}") = "Service", "Service\Service.csproj", "{E1CAF0C3-D1F4-4077-9E8F-FA71B3521FD2}"
EndProject
Global
	GlobalSection(SolutionConfigurationPlatforms) = preSolution
		Debug|Any CPU = Debug|Any CPU
		Release|Any CPU = Release|Any CPU
	EndGlobalSection
	GlobalSection(ProjectConfigurationPlatforms) = postSolution
		{92BB8941-B6AF-49EA-AD3E-19229E007785}.Debug|Any CPU.ActiveCfg = Debug|Any CPU
		{92BB8941-B6AF-49EA-AD3E-19229E007785}.Debug|Any CPU.Build.0 = Debug|Any CPU
		{92BB8941-B6AF-49EA-AD3E-19229E007785}.Release|Any CPU.ActiveCfg = Release|Any CPU
		{92BB8941-B6AF-49EA-AD3E-19229E007785}.Release|Any CPU.Build.0 = Release|Any CPU
		{C40DA630-A85E-4484-B71E-863A76A7B45A}.Debug|Any CPU.ActiveCfg = Debug|Any CPU
		{C40DA630-A85E-4484-B71E-863A76A7B45A}.Debug|Any CPU.Build.0 = Debug|Any CPU
		{C40DA630-A85E-4484-B71E-863A76A7B45A}.Release|Any CPU.ActiveCfg = Release|Any CPU
		{C40DA630-A85E-4484-B71E-863A76A7B45A}.Release|Any CPU.Build.0 = Release|Any CPU
		{04AD451B-E478-4581-B43A-C4F8F31F3214}.Debug|Any CPU.ActiveCfg = Debug|Any CPU
		{04AD451B-E478-4581-B43A-C4F8F31F3214}.Debug|Any CPU.Build.0 = Debug|Any CPU
		{04AD451B-E478-4581-B43A-C4F8F31F3214}.Release|Any CPU.ActiveCfg = Release|Any CPU
		{04AD451B-E478-4581-B43A-C4F8F31F3214}.Release|Any CPU.Build.0 = Release|Any CPU
		{E1CAF0C3-D1F4-4077-9E8F-FA71B3521FD2}.Debug|Any CPU.ActiveCfg = Debug|Any CPU
		{E1CAF0C3-D1F4-4077-9E8F-FA71B3521FD2}.Debug|Any CPU.Build.0 = Debug|Any CPU
		{E1CAF0C3-D1F4-4077-9E8F-FA71B3521FD2}.Release|Any CPU.ActiveCfg = Release|Any CPU
		{E1CAF0C3-D1F4-4077-9E8F-FA71B3521FD2}.Release|Any CPU.Build.0 = Release|Any CPU
	EndGlobalSection
	GlobalSection(SolutionProperties) = preSolution
		HideSolutionNode = FALSE
	EndGlobalSection
	GlobalSection(ExtensibilityGlobals) = postSolution
		SolutionGuid = {3485AB13-3F26-411F-BFAC-02398380A5B4}
	EndGlobalSection
EndGlobal
